// !$*UTF8*$!
{
	archiveVersion = 1;
	classes = {
	};
	objectVersion = 51;
	objects = {

/* Begin PBXBuildFile section */
		254A35B42F5D60481836565B /* Pods_TrackApp.framework in Frameworks */ = {isa = PBXBuildFile; fileRef = 926796A8D61685ADC0315E7C /* Pods_TrackApp.framework */; };
		48A7776DBA1B1675BA4D6874 /* Pods_TrackAppTests.framework in Frameworks */ = {isa = PBXBuildFile; fileRef = FD5C2E7658F969688274B57A /* Pods_TrackAppTests.framework */; };
		F0254B10238C8EE00017AA2C /* AppDelegate.swift in Sources */ = {isa = PBXBuildFile; fileRef = F0254B0F238C8EE00017AA2C /* AppDelegate.swift */; };
		F0254B19238C8EE00017AA2C /* Main.storyboard in Resources */ = {isa = PBXBuildFile; fileRef = F0254B17238C8EE00017AA2C /* Main.storyboard */; };
		F0254B1B238C8EE20017AA2C /* Assets.xcassets in Resources */ = {isa = PBXBuildFile; fileRef = F0254B1A238C8EE20017AA2C /* Assets.xcassets */; };
		F0254B1E238C8EE20017AA2C /* LaunchScreen.storyboard in Resources */ = {isa = PBXBuildFile; fileRef = F0254B1C238C8EE20017AA2C /* LaunchScreen.storyboard */; };
		F0254B29238C8EE20017AA2C /* TrackAppTests.swift in Sources */ = {isa = PBXBuildFile; fileRef = F0254B28238C8EE20017AA2C /* TrackAppTests.swift */; };
		F0254B39238C93DF0017AA2C /* AppDelegate+Setup.swift in Sources */ = {isa = PBXBuildFile; fileRef = F0254B38238C93DF0017AA2C /* AppDelegate+Setup.swift */; };
		F0254B3C238C954A0017AA2C /* TrackAppRealm.swift in Sources */ = {isa = PBXBuildFile; fileRef = F0254B3B238C954A0017AA2C /* TrackAppRealm.swift */; };
		F0254B40238C9AC90017AA2C /* TrackRoute.swift in Sources */ = {isa = PBXBuildFile; fileRef = F0254B3F238C9AC90017AA2C /* TrackRoute.swift */; };
		F0254B42238C9C4B0017AA2C /* Location.swift in Sources */ = {isa = PBXBuildFile; fileRef = F0254B41238C9C4B0017AA2C /* Location.swift */; };
		F0254B44238C9CC60017AA2C /* Default-568h@2x.png in Resources */ = {isa = PBXBuildFile; fileRef = F0254B43238C9CC60017AA2C /* Default-568h@2x.png */; };
		F060BEBA238CA5EE0064D428 /* TrackRouteViewController.swift in Sources */ = {isa = PBXBuildFile; fileRef = F060BEB9238CA5EE0064D428 /* TrackRouteViewController.swift */; };
		F060BEBC238CA6B20064D428 /* FormatDisplay.swift in Sources */ = {isa = PBXBuildFile; fileRef = F060BEBB238CA6B20064D428 /* FormatDisplay.swift */; };
		F060BEBE238CA70C0064D428 /* UnitExtensions.swift in Sources */ = {isa = PBXBuildFile; fileRef = F060BEBD238CA70C0064D428 /* UnitExtensions.swift */; };
		F060BEC1238CA7610064D428 /* LocationManager.swift in Sources */ = {isa = PBXBuildFile; fileRef = F060BEC0238CA7610064D428 /* LocationManager.swift */; };
		F0C9EB7F238CE1C70041C96C /* TrackRouteListViewController.swift in Sources */ = {isa = PBXBuildFile; fileRef = F0C9EB7E238CE1C70041C96C /* TrackRouteListViewController.swift */; };
		F0C9EB83238CE66B0041C96C /* RouteCell.swift in Sources */ = {isa = PBXBuildFile; fileRef = F0C9EB81238CE66B0041C96C /* RouteCell.swift */; };
		F0C9EB84238CE66B0041C96C /* RouteCell.xib in Resources */ = {isa = PBXBuildFile; fileRef = F0C9EB82238CE66B0041C96C /* RouteCell.xib */; };
		F0C9EB88238CED030041C96C /* RouteRepresentable.swift in Sources */ = {isa = PBXBuildFile; fileRef = F0C9EB87238CED030041C96C /* RouteRepresentable.swift */; };
		F0C9EB8A238CED780041C96C /* TrackRouteListViewModel.swift in Sources */ = {isa = PBXBuildFile; fileRef = F0C9EB89238CED780041C96C /* TrackRouteListViewModel.swift */; };
/* End PBXBuildFile section */

/* Begin PBXContainerItemProxy section */
		F0254B25238C8EE20017AA2C /* PBXContainerItemProxy */ = {
			isa = PBXContainerItemProxy;
			containerPortal = F0254B04238C8EE00017AA2C /* Project object */;
			proxyType = 1;
			remoteGlobalIDString = F0254B0B238C8EE00017AA2C;
			remoteInfo = TrackApp;
		};
/* End PBXContainerItemProxy section */

/* Begin PBXFileReference section */
		39DD107569068188A8F712CA /* Pods-TrackApp.release.xcconfig */ = {isa = PBXFileReference; includeInIndex = 1; lastKnownFileType = text.xcconfig; name = "Pods-TrackApp.release.xcconfig"; path = "Target Support Files/Pods-TrackApp/Pods-TrackApp.release.xcconfig"; sourceTree = "<group>"; };
		64FDF8F6F3F1E7872107E52A /* Pods-TrackApp.debug.xcconfig */ = {isa = PBXFileReference; includeInIndex = 1; lastKnownFileType = text.xcconfig; name = "Pods-TrackApp.debug.xcconfig"; path = "Target Support Files/Pods-TrackApp/Pods-TrackApp.debug.xcconfig"; sourceTree = "<group>"; };
		8EE520DF5F7BAD40E77C9296 /* Pods-TrackAppTests.release.xcconfig */ = {isa = PBXFileReference; includeInIndex = 1; lastKnownFileType = text.xcconfig; name = "Pods-TrackAppTests.release.xcconfig"; path = "Target Support Files/Pods-TrackAppTests/Pods-TrackAppTests.release.xcconfig"; sourceTree = "<group>"; };
		926796A8D61685ADC0315E7C /* Pods_TrackApp.framework */ = {isa = PBXFileReference; explicitFileType = wrapper.framework; includeInIndex = 0; path = Pods_TrackApp.framework; sourceTree = BUILT_PRODUCTS_DIR; };
		9F477EC63AE49509052AB5F6 /* Pods-TrackAppTests.debug.xcconfig */ = {isa = PBXFileReference; includeInIndex = 1; lastKnownFileType = text.xcconfig; name = "Pods-TrackAppTests.debug.xcconfig"; path = "Target Support Files/Pods-TrackAppTests/Pods-TrackAppTests.debug.xcconfig"; sourceTree = "<group>"; };
		F0254B0C238C8EE00017AA2C /* TrackApp.app */ = {isa = PBXFileReference; explicitFileType = wrapper.application; includeInIndex = 0; path = TrackApp.app; sourceTree = BUILT_PRODUCTS_DIR; };
		F0254B0F238C8EE00017AA2C /* AppDelegate.swift */ = {isa = PBXFileReference; lastKnownFileType = sourcecode.swift; path = AppDelegate.swift; sourceTree = "<group>"; };
		F0254B18238C8EE00017AA2C /* Base */ = {isa = PBXFileReference; lastKnownFileType = file.storyboard; name = Base; path = Base.lproj/Main.storyboard; sourceTree = "<group>"; };
		F0254B1A238C8EE20017AA2C /* Assets.xcassets */ = {isa = PBXFileReference; lastKnownFileType = folder.assetcatalog; path = Assets.xcassets; sourceTree = "<group>"; };
		F0254B1D238C8EE20017AA2C /* Base */ = {isa = PBXFileReference; lastKnownFileType = file.storyboard; name = Base; path = Base.lproj/LaunchScreen.storyboard; sourceTree = "<group>"; };
		F0254B24238C8EE20017AA2C /* TrackAppTests.xctest */ = {isa = PBXFileReference; explicitFileType = wrapper.cfbundle; includeInIndex = 0; path = TrackAppTests.xctest; sourceTree = BUILT_PRODUCTS_DIR; };
		F0254B28238C8EE20017AA2C /* TrackAppTests.swift */ = {isa = PBXFileReference; lastKnownFileType = sourcecode.swift; path = TrackAppTests.swift; sourceTree = "<group>"; };
		F0254B2A238C8EE20017AA2C /* Info.plist */ = {isa = PBXFileReference; lastKnownFileType = text.plist.xml; name = Info.plist; path = ../Info.plist; sourceTree = "<group>"; };
		F0254B35238C915E0017AA2C /* Podfile */ = {isa = PBXFileReference; explicitFileType = text.script.ruby; fileEncoding = 4; path = Podfile; sourceTree = "<group>"; xcLanguageSpecificationIdentifier = xcode.lang.ruby; };
		F0254B38238C93DF0017AA2C /* AppDelegate+Setup.swift */ = {isa = PBXFileReference; lastKnownFileType = sourcecode.swift; path = "AppDelegate+Setup.swift"; sourceTree = "<group>"; };
		F0254B3B238C954A0017AA2C /* TrackAppRealm.swift */ = {isa = PBXFileReference; lastKnownFileType = sourcecode.swift; path = TrackAppRealm.swift; sourceTree = "<group>"; };
		F0254B3F238C9AC90017AA2C /* TrackRoute.swift */ = {isa = PBXFileReference; lastKnownFileType = sourcecode.swift; path = TrackRoute.swift; sourceTree = "<group>"; };
		F0254B41238C9C4B0017AA2C /* Location.swift */ = {isa = PBXFileReference; lastKnownFileType = sourcecode.swift; path = Location.swift; sourceTree = "<group>"; };
		F0254B43238C9CC60017AA2C /* Default-568h@2x.png */ = {isa = PBXFileReference; lastKnownFileType = image.png; path = "Default-568h@2x.png"; sourceTree = "<group>"; };
		F0254B46238C9DD90017AA2C /* Info.plist */ = {isa = PBXFileReference; fileEncoding = 4; lastKnownFileType = text.plist.xml; path = Info.plist; sourceTree = "<group>"; };
		F060BEB9238CA5EE0064D428 /* TrackRouteViewController.swift */ = {isa = PBXFileReference; lastKnownFileType = sourcecode.swift; path = TrackRouteViewController.swift; sourceTree = "<group>"; };
		F060BEBB238CA6B20064D428 /* FormatDisplay.swift */ = {isa = PBXFileReference; lastKnownFileType = sourcecode.swift; path = FormatDisplay.swift; sourceTree = "<group>"; };
		F060BEBD238CA70C0064D428 /* UnitExtensions.swift */ = {isa = PBXFileReference; lastKnownFileType = sourcecode.swift; path = UnitExtensions.swift; sourceTree = "<group>"; };
		F060BEC0238CA7610064D428 /* LocationManager.swift */ = {isa = PBXFileReference; lastKnownFileType = sourcecode.swift; path = LocationManager.swift; sourceTree = "<group>"; };
		F0C9EB7E238CE1C70041C96C /* TrackRouteListViewController.swift */ = {isa = PBXFileReference; lastKnownFileType = sourcecode.swift; path = TrackRouteListViewController.swift; sourceTree = "<group>"; };
		F0C9EB81238CE66B0041C96C /* RouteCell.swift */ = {isa = PBXFileReference; lastKnownFileType = sourcecode.swift; path = RouteCell.swift; sourceTree = "<group>"; };
		F0C9EB82238CE66B0041C96C /* RouteCell.xib */ = {isa = PBXFileReference; lastKnownFileType = file.xib; path = RouteCell.xib; sourceTree = "<group>"; };
		F0C9EB87238CED030041C96C /* RouteRepresentable.swift */ = {isa = PBXFileReference; lastKnownFileType = sourcecode.swift; path = RouteRepresentable.swift; sourceTree = "<group>"; };
		F0C9EB89238CED780041C96C /* TrackRouteListViewModel.swift */ = {isa = PBXFileReference; lastKnownFileType = sourcecode.swift; path = TrackRouteListViewModel.swift; sourceTree = "<group>"; };
		FD5C2E7658F969688274B57A /* Pods_TrackAppTests.framework */ = {isa = PBXFileReference; explicitFileType = wrapper.framework; includeInIndex = 0; path = Pods_TrackAppTests.framework; sourceTree = BUILT_PRODUCTS_DIR; };
/* End PBXFileReference section */

/* Begin PBXFrameworksBuildPhase section */
		F0254B09238C8EE00017AA2C /* Frameworks */ = {
			isa = PBXFrameworksBuildPhase;
			buildActionMask = 2147483647;
			files = (
				254A35B42F5D60481836565B /* Pods_TrackApp.framework in Frameworks */,
			);
			runOnlyForDeploymentPostprocessing = 0;
		};
		F0254B21238C8EE20017AA2C /* Frameworks */ = {
			isa = PBXFrameworksBuildPhase;
			buildActionMask = 2147483647;
			files = (
				48A7776DBA1B1675BA4D6874 /* Pods_TrackAppTests.framework in Frameworks */,
			);
			runOnlyForDeploymentPostprocessing = 0;
		};
/* End PBXFrameworksBuildPhase section */

/* Begin PBXGroup section */
		9AC2D3999434FA1CBDB53811 /* Pods */ = {
			isa = PBXGroup;
			children = (
				64FDF8F6F3F1E7872107E52A /* Pods-TrackApp.debug.xcconfig */,
				39DD107569068188A8F712CA /* Pods-TrackApp.release.xcconfig */,
				9F477EC63AE49509052AB5F6 /* Pods-TrackAppTests.debug.xcconfig */,
				8EE520DF5F7BAD40E77C9296 /* Pods-TrackAppTests.release.xcconfig */,
			);
			path = Pods;
			sourceTree = "<group>";
		};
		F0254B03238C8EE00017AA2C = {
			isa = PBXGroup;
			children = (
				F0254B43238C9CC60017AA2C /* Default-568h@2x.png */,
				F0254B35238C915E0017AA2C /* Podfile */,
				F0254B0E238C8EE00017AA2C /* TrackApp */,
				F0254B27238C8EE20017AA2C /* TrackAppTests */,
				F0254B0D238C8EE00017AA2C /* Products */,
				9AC2D3999434FA1CBDB53811 /* Pods */,
				F47E4786F1210CE2780D96E4 /* Frameworks */,
			);
			sourceTree = "<group>";
		};
		F0254B0D238C8EE00017AA2C /* Products */ = {
			isa = PBXGroup;
			children = (
				F0254B0C238C8EE00017AA2C /* TrackApp.app */,
				F0254B24238C8EE20017AA2C /* TrackAppTests.xctest */,
			);
			name = Products;
			sourceTree = "<group>";
		};
		F0254B0E238C8EE00017AA2C /* TrackApp */ = {
			isa = PBXGroup;
			children = (
				F0254B37238C93660017AA2C /* Supporting Files */,
				F0254B34238C90510017AA2C /* Model */,
				F0254B33238C90400017AA2C /* ViewController */,
				F0254B3A238C952C0017AA2C /* Utils */,
				F060BEBF238CA7450064D428 /* Managers */,
				F0C9EB80238CE5F80041C96C /* Views */,
				F0254B17238C8EE00017AA2C /* Main.storyboard */,
				F0254B1A238C8EE20017AA2C /* Assets.xcassets */,
				F0254B1C238C8EE20017AA2C /* LaunchScreen.storyboard */,
				F0254B0F238C8EE00017AA2C /* AppDelegate.swift */,
				F0254B38238C93DF0017AA2C /* AppDelegate+Setup.swift */,
			);
			path = TrackApp;
			sourceTree = "<group>";
		};
		F0254B27238C8EE20017AA2C /* TrackAppTests */ = {
			isa = PBXGroup;
			children = (
				F0254B45238C9D4F0017AA2C /* Supporting Files */,
				F0254B28238C8EE20017AA2C /* TrackAppTests.swift */,
			);
			path = TrackAppTests;
			sourceTree = "<group>";
		};
		F0254B33238C90400017AA2C /* ViewController */ = {
			isa = PBXGroup;
			children = (
				F0C9EB86238CECE80041C96C /* Protocol */,
				F0C9EB85238CECD70041C96C /* ViewModel */,
				F060BEB9238CA5EE0064D428 /* TrackRouteViewController.swift */,
				F0C9EB7E238CE1C70041C96C /* TrackRouteListViewController.swift */,
			);
			path = ViewController;
			sourceTree = "<group>";
		};
		F0254B34238C90510017AA2C /* Model */ = {
			isa = PBXGroup;
			children = (
				F0254B3F238C9AC90017AA2C /* TrackRoute.swift */,
				F0254B41238C9C4B0017AA2C /* Location.swift */,
			);
			path = Model;
			sourceTree = "<group>";
		};
		F0254B37238C93660017AA2C /* Supporting Files */ = {
			isa = PBXGroup;
			children = (
				F0254B46238C9DD90017AA2C /* Info.plist */,
			);
			path = "Supporting Files";
			sourceTree = "<group>";
		};
		F0254B3A238C952C0017AA2C /* Utils */ = {
			isa = PBXGroup;
			children = (
				F0254B3B238C954A0017AA2C /* TrackAppRealm.swift */,
				F060BEBB238CA6B20064D428 /* FormatDisplay.swift */,
				F060BEBD238CA70C0064D428 /* UnitExtensions.swift */,
			);
			path = Utils;
			sourceTree = "<group>";
		};
		F0254B45238C9D4F0017AA2C /* Supporting Files */ = {
			isa = PBXGroup;
			children = (
				F0254B2A238C8EE20017AA2C /* Info.plist */,
			);
			path = "Supporting Files";
			sourceTree = "<group>";
		};
		F060BEBF238CA7450064D428 /* Managers */ = {
			isa = PBXGroup;
			children = (
				F060BEC0238CA7610064D428 /* LocationManager.swift */,
			);
			path = Managers;
			sourceTree = "<group>";
		};
		F0C9EB80238CE5F80041C96C /* Views */ = {
			isa = PBXGroup;
			children = (
				F0C9EB81238CE66B0041C96C /* RouteCell.swift */,
				F0C9EB82238CE66B0041C96C /* RouteCell.xib */,
			);
			path = Views;
			sourceTree = "<group>";
		};
		F0C9EB85238CECD70041C96C /* ViewModel */ = {
			isa = PBXGroup;
			children = (
				F0C9EB89238CED780041C96C /* TrackRouteListViewModel.swift */,
			);
			path = ViewModel;
			sourceTree = "<group>";
		};
		F0C9EB86238CECE80041C96C /* Protocol */ = {
			isa = PBXGroup;
			children = (
				F0C9EB87238CED030041C96C /* RouteRepresentable.swift */,
			);
			path = Protocol;
			sourceTree = "<group>";
		};
		F47E4786F1210CE2780D96E4 /* Frameworks */ = {
			isa = PBXGroup;
			children = (
				926796A8D61685ADC0315E7C /* Pods_TrackApp.framework */,
				FD5C2E7658F969688274B57A /* Pods_TrackAppTests.framework */,
			);
			name = Frameworks;
			sourceTree = "<group>";
		};
/* End PBXGroup section */

/* Begin PBXNativeTarget section */
		F0254B0B238C8EE00017AA2C /* TrackApp */ = {
			isa = PBXNativeTarget;
			buildConfigurationList = F0254B2D238C8EE20017AA2C /* Build configuration list for PBXNativeTarget "TrackApp" */;
			buildPhases = (
				8091D86B06DDEC51A32B2791 /* [CP] Check Pods Manifest.lock */,
				F0254B08238C8EE00017AA2C /* Sources */,
				F0254B09238C8EE00017AA2C /* Frameworks */,
				F0254B0A238C8EE00017AA2C /* Resources */,
				648788C66724C7A1C0B8DBAE /* [CP] Embed Pods Frameworks */,
			);
			buildRules = (
			);
			dependencies = (
			);
			name = TrackApp;
			productName = TrackApp;
			productReference = F0254B0C238C8EE00017AA2C /* TrackApp.app */;
			productType = "com.apple.product-type.application";
		};
		F0254B23238C8EE20017AA2C /* TrackAppTests */ = {
			isa = PBXNativeTarget;
			buildConfigurationList = F0254B30238C8EE20017AA2C /* Build configuration list for PBXNativeTarget "TrackAppTests" */;
			buildPhases = (
				DEFB303A171FAF6540570E54 /* [CP] Check Pods Manifest.lock */,
				F0254B20238C8EE20017AA2C /* Sources */,
				F0254B21238C8EE20017AA2C /* Frameworks */,
				F0254B22238C8EE20017AA2C /* Resources */,
			);
			buildRules = (
			);
			dependencies = (
				F0254B26238C8EE20017AA2C /* PBXTargetDependency */,
			);
			name = TrackAppTests;
			productName = TrackAppTests;
			productReference = F0254B24238C8EE20017AA2C /* TrackAppTests.xctest */;
			productType = "com.apple.product-type.bundle.unit-test";
		};
/* End PBXNativeTarget section */

/* Begin PBXProject section */
		F0254B04238C8EE00017AA2C /* Project object */ = {
			isa = PBXProject;
			attributes = {
				LastSwiftUpdateCheck = 1120;
				LastUpgradeCheck = 1120;
				ORGANIZATIONNAME = Erik;
				TargetAttributes = {
					F0254B0B238C8EE00017AA2C = {
						CreatedOnToolsVersion = 11.2.1;
					};
					F0254B23238C8EE20017AA2C = {
						CreatedOnToolsVersion = 11.2.1;
						TestTargetID = F0254B0B238C8EE00017AA2C;
					};
				};
			};
			buildConfigurationList = F0254B07238C8EE00017AA2C /* Build configuration list for PBXProject "TrackApp" */;
			compatibilityVersion = "Xcode 9.3";
			developmentRegion = en;
			hasScannedForEncodings = 0;
			knownRegions = (
				en,
				Base,
			);
			mainGroup = F0254B03238C8EE00017AA2C;
			productRefGroup = F0254B0D238C8EE00017AA2C /* Products */;
			projectDirPath = "";
			projectRoot = "";
			targets = (
				F0254B0B238C8EE00017AA2C /* TrackApp */,
				F0254B23238C8EE20017AA2C /* TrackAppTests */,
			);
		};
/* End PBXProject section */

/* Begin PBXResourcesBuildPhase section */
		F0254B0A238C8EE00017AA2C /* Resources */ = {
			isa = PBXResourcesBuildPhase;
			buildActionMask = 2147483647;
			files = (
				F0254B1E238C8EE20017AA2C /* LaunchScreen.storyboard in Resources */,
				F0C9EB84238CE66B0041C96C /* RouteCell.xib in Resources */,
				F0254B1B238C8EE20017AA2C /* Assets.xcassets in Resources */,
				F0254B19238C8EE00017AA2C /* Main.storyboard in Resources */,
				F0254B44238C9CC60017AA2C /* Default-568h@2x.png in Resources */,
			);
			runOnlyForDeploymentPostprocessing = 0;
		};
		F0254B22238C8EE20017AA2C /* Resources */ = {
			isa = PBXResourcesBuildPhase;
			buildActionMask = 2147483647;
			files = (
			);
			runOnlyForDeploymentPostprocessing = 0;
		};
/* End PBXResourcesBuildPhase section */

/* Begin PBXShellScriptBuildPhase section */
		648788C66724C7A1C0B8DBAE /* [CP] Embed Pods Frameworks */ = {
			isa = PBXShellScriptBuildPhase;
			buildActionMask = 2147483647;
			files = (
			);
			inputFileListPaths = (
				"${PODS_ROOT}/Target Support Files/Pods-TrackApp/Pods-TrackApp-frameworks-${CONFIGURATION}-input-files.xcfilelist",
			);
			name = "[CP] Embed Pods Frameworks";
			outputFileListPaths = (
				"${PODS_ROOT}/Target Support Files/Pods-TrackApp/Pods-TrackApp-frameworks-${CONFIGURATION}-output-files.xcfilelist",
			);
			runOnlyForDeploymentPostprocessing = 0;
			shellPath = /bin/sh;
			shellScript = "\"${PODS_ROOT}/Target Support Files/Pods-TrackApp/Pods-TrackApp-frameworks.sh\"\n";
			showEnvVarsInLog = 0;
		};
		8091D86B06DDEC51A32B2791 /* [CP] Check Pods Manifest.lock */ = {
			isa = PBXShellScriptBuildPhase;
			buildActionMask = 2147483647;
			files = (
			);
			inputFileListPaths = (
			);
			inputPaths = (
				"${PODS_PODFILE_DIR_PATH}/Podfile.lock",
				"${PODS_ROOT}/Manifest.lock",
			);
			name = "[CP] Check Pods Manifest.lock";
			outputFileListPaths = (
			);
			outputPaths = (
				"$(DERIVED_FILE_DIR)/Pods-TrackApp-checkManifestLockResult.txt",
			);
			runOnlyForDeploymentPostprocessing = 0;
			shellPath = /bin/sh;
			shellScript = "diff \"${PODS_PODFILE_DIR_PATH}/Podfile.lock\" \"${PODS_ROOT}/Manifest.lock\" > /dev/null\nif [ $? != 0 ] ; then\n    # print error to STDERR\n    echo \"error: The sandbox is not in sync with the Podfile.lock. Run 'pod install' or update your CocoaPods installation.\" >&2\n    exit 1\nfi\n# This output is used by Xcode 'outputs' to avoid re-running this script phase.\necho \"SUCCESS\" > \"${SCRIPT_OUTPUT_FILE_0}\"\n";
			showEnvVarsInLog = 0;
		};
		DEFB303A171FAF6540570E54 /* [CP] Check Pods Manifest.lock */ = {
			isa = PBXShellScriptBuildPhase;
			buildActionMask = 2147483647;
			files = (
			);
			inputFileListPaths = (
			);
			inputPaths = (
				"${PODS_PODFILE_DIR_PATH}/Podfile.lock",
				"${PODS_ROOT}/Manifest.lock",
			);
			name = "[CP] Check Pods Manifest.lock";
			outputFileListPaths = (
			);
			outputPaths = (
				"$(DERIVED_FILE_DIR)/Pods-TrackAppTests-checkManifestLockResult.txt",
			);
			runOnlyForDeploymentPostprocessing = 0;
			shellPath = /bin/sh;
			shellScript = "diff \"${PODS_PODFILE_DIR_PATH}/Podfile.lock\" \"${PODS_ROOT}/Manifest.lock\" > /dev/null\nif [ $? != 0 ] ; then\n    # print error to STDERR\n    echo \"error: The sandbox is not in sync with the Podfile.lock. Run 'pod install' or update your CocoaPods installation.\" >&2\n    exit 1\nfi\n# This output is used by Xcode 'outputs' to avoid re-running this script phase.\necho \"SUCCESS\" > \"${SCRIPT_OUTPUT_FILE_0}\"\n";
			showEnvVarsInLog = 0;
		};
/* End PBXShellScriptBuildPhase section */

/* Begin PBXSourcesBuildPhase section */
		F0254B08238C8EE00017AA2C /* Sources */ = {
			isa = PBXSourcesBuildPhase;
			buildActionMask = 2147483647;
			files = (
				F060BEBE238CA70C0064D428 /* UnitExtensions.swift in Sources */,
				F0C9EB7F238CE1C70041C96C /* TrackRouteListViewController.swift in Sources */,
				F0254B40238C9AC90017AA2C /* TrackRoute.swift in Sources */,
				F060BEC1238CA7610064D428 /* LocationManager.swift in Sources */,
				F0C9EB8A238CED780041C96C /* TrackRouteListViewModel.swift in Sources */,
				F0C9EB83238CE66B0041C96C /* RouteCell.swift in Sources */,
				F0254B39238C93DF0017AA2C /* AppDelegate+Setup.swift in Sources */,
				F0C9EB88238CED030041C96C /* RouteRepresentable.swift in Sources */,
				F060BEBA238CA5EE0064D428 /* TrackRouteViewController.swift in Sources */,
				F0254B3C238C954A0017AA2C /* TrackAppRealm.swift in Sources */,
				F060BEBC238CA6B20064D428 /* FormatDisplay.swift in Sources */,
				F0254B10238C8EE00017AA2C /* AppDelegate.swift in Sources */,
				F0254B42238C9C4B0017AA2C /* Location.swift in Sources */,
			);
			runOnlyForDeploymentPostprocessing = 0;
		};
		F0254B20238C8EE20017AA2C /* Sources */ = {
			isa = PBXSourcesBuildPhase;
			buildActionMask = 2147483647;
			files = (
				F0254B29238C8EE20017AA2C /* TrackAppTests.swift in Sources */,
			);
			runOnlyForDeploymentPostprocessing = 0;
		};
/* End PBXSourcesBuildPhase section */

/* Begin PBXTargetDependency section */
		F0254B26238C8EE20017AA2C /* PBXTargetDependency */ = {
			isa = PBXTargetDependency;
			target = F0254B0B238C8EE00017AA2C /* TrackApp */;
			targetProxy = F0254B25238C8EE20017AA2C /* PBXContainerItemProxy */;
		};
/* End PBXTargetDependency section */

/* Begin PBXVariantGroup section */
		F0254B17238C8EE00017AA2C /* Main.storyboard */ = {
			isa = PBXVariantGroup;
			children = (
				F0254B18238C8EE00017AA2C /* Base */,
			);
			name = Main.storyboard;
			sourceTree = "<group>";
		};
		F0254B1C238C8EE20017AA2C /* LaunchScreen.storyboard */ = {
			isa = PBXVariantGroup;
			children = (
				F0254B1D238C8EE20017AA2C /* Base */,
			);
			name = LaunchScreen.storyboard;
			sourceTree = "<group>";
		};
/* End PBXVariantGroup section */

/* Begin XCBuildConfiguration section */
		F0254B2B238C8EE20017AA2C /* Debug */ = {
			isa = XCBuildConfiguration;
			buildSettings = {
				ALWAYS_SEARCH_USER_PATHS = NO;
				CLANG_ANALYZER_NONNULL = YES;
				CLANG_ANALYZER_NUMBER_OBJECT_CONVERSION = YES_AGGRESSIVE;
				CLANG_CXX_LANGUAGE_STANDARD = "gnu++14";
				CLANG_CXX_LIBRARY = "libc++";
				CLANG_ENABLE_MODULES = YES;
				CLANG_ENABLE_OBJC_ARC = YES;
				CLANG_ENABLE_OBJC_WEAK = YES;
				CLANG_WARN_BLOCK_CAPTURE_AUTORELEASING = YES;
				CLANG_WARN_BOOL_CONVERSION = YES;
				CLANG_WARN_COMMA = YES;
				CLANG_WARN_CONSTANT_CONVERSION = YES;
				CLANG_WARN_DEPRECATED_OBJC_IMPLEMENTATIONS = YES;
				CLANG_WARN_DIRECT_OBJC_ISA_USAGE = YES_ERROR;
				CLANG_WARN_DOCUMENTATION_COMMENTS = YES;
				CLANG_WARN_EMPTY_BODY = YES;
				CLANG_WARN_ENUM_CONVERSION = YES;
				CLANG_WARN_INFINITE_RECURSION = YES;
				CLANG_WARN_INT_CONVERSION = YES;
				CLANG_WARN_NON_LITERAL_NULL_CONVERSION = YES;
				CLANG_WARN_OBJC_IMPLICIT_RETAIN_SELF = YES;
				CLANG_WARN_OBJC_LITERAL_CONVERSION = YES;
				CLANG_WARN_OBJC_ROOT_CLASS = YES_ERROR;
				CLANG_WARN_RANGE_LOOP_ANALYSIS = YES;
				CLANG_WARN_STRICT_PROTOTYPES = YES;
				CLANG_WARN_SUSPICIOUS_MOVE = YES;
				CLANG_WARN_UNGUARDED_AVAILABILITY = YES_AGGRESSIVE;
				CLANG_WARN_UNREACHABLE_CODE = YES;
				CLANG_WARN__DUPLICATE_METHOD_MATCH = YES;
				COPY_PHASE_STRIP = NO;
				DEBUG_INFORMATION_FORMAT = dwarf;
				ENABLE_STRICT_OBJC_MSGSEND = YES;
				ENABLE_TESTABILITY = YES;
				GCC_C_LANGUAGE_STANDARD = gnu11;
				GCC_DYNAMIC_NO_PIC = NO;
				GCC_NO_COMMON_BLOCKS = YES;
				GCC_OPTIMIZATION_LEVEL = 0;
				GCC_PREPROCESSOR_DEFINITIONS = (
					"DEBUG=1",
					"$(inherited)",
				);
				GCC_WARN_64_TO_32_BIT_CONVERSION = YES;
				GCC_WARN_ABOUT_RETURN_TYPE = YES_ERROR;
				GCC_WARN_UNDECLARED_SELECTOR = YES;
				GCC_WARN_UNINITIALIZED_AUTOS = YES_AGGRESSIVE;
				GCC_WARN_UNUSED_FUNCTION = YES;
				GCC_WARN_UNUSED_VARIABLE = YES;
				IPHONEOS_DEPLOYMENT_TARGET = 13.2;
				MTL_ENABLE_DEBUG_INFO = INCLUDE_SOURCE;
				MTL_FAST_MATH = YES;
				ONLY_ACTIVE_ARCH = YES;
				SDKROOT = iphoneos;
				SWIFT_ACTIVE_COMPILATION_CONDITIONS = DEBUG;
				SWIFT_OPTIMIZATION_LEVEL = "-Onone";
			};
			name = Debug;
		};
		F0254B2C238C8EE20017AA2C /* Release */ = {
			isa = XCBuildConfiguration;
			buildSettings = {
				ALWAYS_SEARCH_USER_PATHS = NO;
				CLANG_ANALYZER_NONNULL = YES;
				CLANG_ANALYZER_NUMBER_OBJECT_CONVERSION = YES_AGGRESSIVE;
				CLANG_CXX_LANGUAGE_STANDARD = "gnu++14";
				CLANG_CXX_LIBRARY = "libc++";
				CLANG_ENABLE_MODULES = YES;
				CLANG_ENABLE_OBJC_ARC = YES;
				CLANG_ENABLE_OBJC_WEAK = YES;
				CLANG_WARN_BLOCK_CAPTURE_AUTORELEASING = YES;
				CLANG_WARN_BOOL_CONVERSION = YES;
				CLANG_WARN_COMMA = YES;
				CLANG_WARN_CONSTANT_CONVERSION = YES;
				CLANG_WARN_DEPRECATED_OBJC_IMPLEMENTATIONS = YES;
				CLANG_WARN_DIRECT_OBJC_ISA_USAGE = YES_ERROR;
				CLANG_WARN_DOCUMENTATION_COMMENTS = YES;
				CLANG_WARN_EMPTY_BODY = YES;
				CLANG_WARN_ENUM_CONVERSION = YES;
				CLANG_WARN_INFINITE_RECURSION = YES;
				CLANG_WARN_INT_CONVERSION = YES;
				CLANG_WARN_NON_LITERAL_NULL_CONVERSION = YES;
				CLANG_WARN_OBJC_IMPLICIT_RETAIN_SELF = YES;
				CLANG_WARN_OBJC_LITERAL_CONVERSION = YES;
				CLANG_WARN_OBJC_ROOT_CLASS = YES_ERROR;
				CLANG_WARN_RANGE_LOOP_ANALYSIS = YES;
				CLANG_WARN_STRICT_PROTOTYPES = YES;
				CLANG_WARN_SUSPICIOUS_MOVE = YES;
				CLANG_WARN_UNGUARDED_AVAILABILITY = YES_AGGRESSIVE;
				CLANG_WARN_UNREACHABLE_CODE = YES;
				CLANG_WARN__DUPLICATE_METHOD_MATCH = YES;
				COPY_PHASE_STRIP = NO;
				DEBUG_INFORMATION_FORMAT = "dwarf-with-dsym";
				ENABLE_NS_ASSERTIONS = NO;
				ENABLE_STRICT_OBJC_MSGSEND = YES;
				GCC_C_LANGUAGE_STANDARD = gnu11;
				GCC_NO_COMMON_BLOCKS = YES;
				GCC_WARN_64_TO_32_BIT_CONVERSION = YES;
				GCC_WARN_ABOUT_RETURN_TYPE = YES_ERROR;
				GCC_WARN_UNDECLARED_SELECTOR = YES;
				GCC_WARN_UNINITIALIZED_AUTOS = YES_AGGRESSIVE;
				GCC_WARN_UNUSED_FUNCTION = YES;
				GCC_WARN_UNUSED_VARIABLE = YES;
				IPHONEOS_DEPLOYMENT_TARGET = 13.2;
				MTL_ENABLE_DEBUG_INFO = NO;
				MTL_FAST_MATH = YES;
				SDKROOT = iphoneos;
				SWIFT_COMPILATION_MODE = wholemodule;
				SWIFT_OPTIMIZATION_LEVEL = "-O";
				VALIDATE_PRODUCT = YES;
			};
			name = Release;
		};
		F0254B2E238C8EE20017AA2C /* Debug */ = {
			isa = XCBuildConfiguration;
			baseConfigurationReference = 64FDF8F6F3F1E7872107E52A /* Pods-TrackApp.debug.xcconfig */;
			buildSettings = {
				ASSETCATALOG_COMPILER_APPICON_NAME = AppIcon;
				CODE_SIGN_STYLE = Automatic;
				DEVELOPMENT_TEAM = L9T32S589G;
				INFOPLIST_FILE = "TrackApp/Supporting Files/Info.plist";
				IPHONEOS_DEPLOYMENT_TARGET = 11.0;
				LD_RUNPATH_SEARCH_PATHS = (
					"$(inherited)",
					"@executable_path/Frameworks",
				);
				PRODUCT_BUNDLE_IDENTIFIER = com.iosapp.chaingrain.TrackApp;
				PRODUCT_NAME = "$(TARGET_NAME)";
				SWIFT_VERSION = 4.2;
				TARGETED_DEVICE_FAMILY = 1;
			};
			name = Debug;
		};
		F0254B2F238C8EE20017AA2C /* Release */ = {
			isa = XCBuildConfiguration;
			baseConfigurationReference = 39DD107569068188A8F712CA /* Pods-TrackApp.release.xcconfig */;
			buildSettings = {
				ASSETCATALOG_COMPILER_APPICON_NAME = AppIcon;
				CODE_SIGN_STYLE = Automatic;
				DEVELOPMENT_TEAM = L9T32S589G;
				INFOPLIST_FILE = "TrackApp/Supporting Files/Info.plist";
				IPHONEOS_DEPLOYMENT_TARGET = 11.0;
				LD_RUNPATH_SEARCH_PATHS = (
					"$(inherited)",
					"@executable_path/Frameworks",
				);
				PRODUCT_BUNDLE_IDENTIFIER = com.iosapp.chaingrain.TrackApp;
				PRODUCT_NAME = "$(TARGET_NAME)";
				SWIFT_VERSION = 4.2;
				TARGETED_DEVICE_FAMILY = 1;
			};
			name = Release;
		};
		F0254B31238C8EE20017AA2C /* Debug */ = {
			isa = XCBuildConfiguration;
			baseConfigurationReference = 9F477EC63AE49509052AB5F6 /* Pods-TrackAppTests.debug.xcconfig */;
			buildSettings = {
				ALWAYS_EMBED_SWIFT_STANDARD_LIBRARIES = YES;
				BUNDLE_LOADER = "$(TEST_HOST)";
				CODE_SIGN_STYLE = Automatic;
				DEVELOPMENT_TEAM = L9T32S589G;
				INFOPLIST_FILE = "TrackAppTests/Supporting Files/Info.plist";
				IPHONEOS_DEPLOYMENT_TARGET = 11.0;
				LD_RUNPATH_SEARCH_PATHS = (
					"$(inherited)",
					"@executable_path/Frameworks",
					"@loader_path/Frameworks",
				);
				PRODUCT_BUNDLE_IDENTIFIER = com.iosapp.chaingrain.TrackAppTests;
				PRODUCT_NAME = "$(TARGET_NAME)";
				SWIFT_VERSION = 4.2;
				TARGETED_DEVICE_FAMILY = 1;
				TEST_HOST = "$(BUILT_PRODUCTS_DIR)/TrackApp.app/TrackApp";
			};
			name = Debug;
		};
		F0254B32238C8EE20017AA2C /* Release */ = {
			isa = XCBuildConfiguration;
			baseConfigurationReference = 8EE520DF5F7BAD40E77C9296 /* Pods-TrackAppTests.release.xcconfig */;
			buildSettings = {
				ALWAYS_EMBED_SWIFT_STANDARD_LIBRARIES = YES;
				BUNDLE_LOADER = "$(TEST_HOST)";
				CODE_SIGN_STYLE = Automatic;
				DEVELOPMENT_TEAM = L9T32S589G;
				INFOPLIST_FILE = "TrackAppTests/Supporting Files/Info.plist";
				IPHONEOS_DEPLOYMENT_TARGET = 11.0;
				LD_RUNPATH_SEARCH_PATHS = (
					"$(inherited)",
					"@executable_path/Frameworks",
					"@loader_path/Frameworks",
				);
				PRODUCT_BUNDLE_IDENTIFIER = com.iosapp.chaingrain.TrackAppTests;
				PRODUCT_NAME = "$(TARGET_NAME)";
				SWIFT_VERSION = 4.2;
				TARGETED_DEVICE_FAMILY = 1;
				TEST_HOST = "$(BUILT_PRODUCTS_DIR)/TrackApp.app/TrackApp";
			};
			name = Release;
		};
/* End XCBuildConfiguration section */

/* Begin XCConfigurationList section */
		F0254B07238C8EE00017AA2C /* Build configuration list for PBXProject "TrackApp" */ = {
			isa = XCConfigurationList;
			buildConfigurations = (
				F0254B2B238C8EE20017AA2C /* Debug */,
				F0254B2C238C8EE20017AA2C /* Release */,
			);
			defaultConfigurationIsVisible = 0;
			defaultConfigurationName = Release;
		};
		F0254B2D238C8EE20017AA2C /* Build configuration list for PBXNativeTarget "TrackApp" */ = {
			isa = XCConfigurationList;
			buildConfigurations = (
				F0254B2E238C8EE20017AA2C /* Debug */,
				F0254B2F238C8EE20017AA2C /* Release */,
			);
			defaultConfigurationIsVisible = 0;
			defaultConfigurationName = Release;
		};
		F0254B30238C8EE20017AA2C /* Build configuration list for PBXNativeTarget "TrackAppTests" */ = {
			isa = XCConfigurationList;
			buildConfigurations = (
				F0254B31238C8EE20017AA2C /* Debug */,
				F0254B32238C8EE20017AA2C /* Release */,
			);
			defaultConfigurationIsVisible = 0;
			defaultConfigurationName = Release;
		};
/* End XCConfigurationList section */
	};
	rootObject = F0254B04238C8EE00017AA2C /* Project object */;
}
